<?xml version="1.0" encoding="utf-8"?>
<Project ToolsVersion="4.0" xmlns="http://schemas.microsoft.com/developer/msbuild/2003">
  <ItemGroup>
    <Filter Include="Source Files">
      <UniqueIdentifier>{4FC737F1-C7A5-4376-A066-2A32D752A2FF}</UniqueIdentifier>
      <Extensions>cpp;c;cc;cxx;def;odl;idl;hpj;bat;asm;asmx</Extensions>
    </Filter>
    <Filter Include="Header Files">
      <UniqueIdentifier>{93995380-89BD-4b04-88EB-625FBE52EBFB}</UniqueIdentifier>
      <Extensions>h;hh;hpp;hxx;hm;inl;inc;ipp;xsd</Extensions>
    </Filter>
    <Filter Include="Resource Files">
      <UniqueIdentifier>{67DA6AB6-F800-4c08-8B7A-83BB121AAD01}</UniqueIdentifier>
      <Extensions>rc;ico;cur;bmp;dlg;rc2;rct;bin;rgs;gif;jpg;jpeg;jpe;resx;tiff;tif;png;wav;mfcribbon-ms</Extensions>
    </Filter>
    <Filter Include="Source Files\core">
      <UniqueIdentifier>{cce76739-6354-4032-9a9e-e1a595c05ca9}</UniqueIdentifier>
    </Filter>
  </ItemGroup>
  <ItemGroup>
    <ClInclude Include="targetver.h">
      <Filter>Header Files</Filter>
    </ClInclude>
    <ClInclude Include="Resource.h">
      <Filter>Header Files</Filter>
    </ClInclude>
    <ClInclude Include="VulkanTesting.h">
      <Filter>Header Files</Filter>
    </ClInclude>
    <ClInclude Include="..\..\..\src\VulkanDescriptorPool.h">
      <Filter>Source Files\core</Filter>
    </ClInclude>
    <ClInclude Include="..\..\..\src\VulkanDescriptorSetLayout.h">
      <Filter>Source Files\core</Filter>
    </ClInclude>
    <ClInclude Include="..\..\..\src\VulkanExtensionLoader.h">
      <Filter>Source Files\core</Filter>
    </ClInclude>
    <ClInclude Include="..\..\..\src\VulkanFrameBuffer.h">
      <Filter>Source Files\core</Filter>
    </ClInclude>
    <ClInclude Include="..\..\..\src\VulkanInstance.h">
      <Filter>Source Files\core</Filter>
    </ClInclude>
    <ClInclude Include="..\..\..\src\VulkanMemoryManager.h">
      <Filter>Source Files\core</Filter>
    </ClInclude>
    <ClInclude Include="..\..\..\src\VulkanPipeline.h">
      <Filter>Source Files\core</Filter>
    </ClInclude>
    <ClInclude Include="..\..\..\src\VulkanPipelineState.h">
      <Filter>Source Files\core</Filter>
    </ClInclude>
    <ClInclude Include="..\..\..\src\VulkanPipelineStateCache.h">
      <Filter>Source Files\core</Filter>
    </ClInclude>
    <ClInclude Include="..\..\..\src\VulkanShaderProgram.h">
      <Filter>Source Files\core</Filter>
    </ClInclude>
    <ClInclude Include="..\..\..\src\VulkanTexture.h">
      <Filter>Source Files\core</Filter>
    </ClInclude>
    <ClInclude Include="..\..\..\src\VulkanVertexArray.h">
      <Filter>Source Files\core</Filter>
    </ClInclude>
    <ClInclude Include="..\..\..\src\SequentialIdentifier.h">
      <Filter>Source Files\core</Filter>
    </ClInclude>
    <ClInclude Include="..\..\..\src\ShaderUniformTypeEnums.h">
      <Filter>Source Files\core</Filter>
    </ClInclude>
    <ClInclude Include="..\..\..\src\vglcore.h">
      <Filter>Source Files\core</Filter>
    </ClInclude>
    <ClInclude Include="..\..\..\src\VulkanAsyncResourceHandle.h">
      <Filter>Source Files\core</Filter>
    </ClInclude>
    <ClInclude Include="..\..\..\src\VulkanBufferGroup.h">
      <Filter>Source Files\core</Filter>
    </ClInclude>
    <ClInclude Include="..\..\..\src\os\VulkanSwapChainBase.h">
      <Filter>Source Files\core</Filter>
    </ClInclude>
    <ClInclude Include="..\..\..\src\os\win\VulkanSwapChain.h">
      <Filter>Source Files\core</Filter>
    </ClInclude>
    <ClInclude Include="pch.h">
      <Filter>Source Files</Filter>
    </ClInclude>
    <ClInclude Include="..\..\..\src\VecTypes.h">
      <Filter>Source Files\core</Filter>
    </ClInclude>
  </ItemGroup>
  <ItemGroup>
    <ClCompile Include="pch.cpp">
      <Filter>Source Files</Filter>
    </ClCompile>
    <ClCompile Include="..\..\..\src\VulkanDescriptorPool.cpp">
      <Filter>Source Files\core</Filter>
    </ClCompile>
    <ClCompile Include="..\..\..\src\VulkanDescriptorSetLayout.cpp">
      <Filter>Source Files\core</Filter>
    </ClCompile>
    <ClCompile Include="..\..\..\src\VulkanExtensionLoader.cpp">
      <Filter>Source Files\core</Filter>
    </ClCompile>
    <ClCompile Include="..\..\..\src\VulkanFrameBuffer.cpp">
      <Filter>Source Files\core</Filter>
    </ClCompile>
    <ClCompile Include="..\..\..\src\VulkanInstance.cpp">
      <Filter>Source Files\core</Filter>
    </ClCompile>
    <ClCompile Include="..\..\..\src\VulkanMemoryManager.cpp">
      <Filter>Source Files\core</Filter>
    </ClCompile>
    <ClCompile Include="..\..\..\src\VulkanPipeline.cpp">
      <Filter>Source Files\core</Filter>
    </ClCompile>
    <ClCompile Include="..\..\..\src\VulkanPipelineState.cpp">
      <Filter>Source Files\core</Filter>
    </ClCompile>
    <ClCompile Include="..\..\..\src\VulkanPipelineStateCache.cpp">
      <Filter>Source Files\core</Filter>
    </ClCompile>
    <ClCompile Include="..\..\..\src\VulkanShaderProgram.cpp">
      <Filter>Source Files\core</Filter>
    </ClCompile>
    <ClCompile Include="..\..\..\src\VulkanTexture.cpp">
      <Filter>Source Files\core</Filter>
    </ClCompile>
    <ClCompile Include="..\..\..\src\VulkanVertexArray.cpp">
      <Filter>Source Files\core</Filter>
    </ClCompile>
    <ClCompile Include="..\..\..\src\SequentialIdentifier.cpp">
      <Filter>Source Files\core</Filter>
    </ClCompile>
    <ClCompile Include="..\..\..\src\VulkanAsyncResourceHandle.cpp">
      <Filter>Source Files\core</Filter>
    </ClCompile>
    <ClCompile Include="..\..\..\src\VulkanBufferGroup.cpp">
      <Filter>Source Files\core</Filter>
    </ClCompile>
    <ClCompile Include="..\..\..\src\os\VulkanSwapChainBase.cpp">
      <Filter>Source Files\core</Filter>
    </ClCompile>
    <ClCompile Include="..\..\..\src\os\win\VulkanSwapChain.cpp">
      <Filter>Source Files\core</Filter>
    </ClCompile>
    <ClCompile Include="..\..\VulkanTesting.cpp">
      <Filter>Source Files</Filter>
    </ClCompile>
    <ClCompile Include="..\..\..\src\VecTypes.cpp">
      <Filter>Source Files\core</Filter>
    </ClCompile>
  </ItemGroup>
  <ItemGroup>
    <ResourceCompile Include="VulkanTesting.rc">
      <Filter>Resource Files</Filter>
    </ResourceCompile>
  </ItemGroup>
  <ItemGroup>
    <Image Include="small.ico">
      <Filter>Resource Files</Filter>
    </Image>
    <Image Include="VulkanTesting.ico">
      <Filter>Resource Files</Filter>
    </Image>
  </ItemGroup>
</Project>